
Microsoft Visual Studio Solution File, Format Version 12.00
# Visual Studio Version 17
VisualStudioVersion = 17.14.36915.13 d17.14
MinimumVisualStudioVersion = 10.0.40219.1
Project("{8BC9CEB8-8B4A-11D0-8D11-00A0C91BC942}") = "Project", "Project\Project.vcxproj", "{355778F2-2B6A-4CD7-B1EC-70D35E4BB738}"
EndProject
Global
	GlobalSection(SolutionConfigurationPlatforms) = preSolution
		Debug|x64 = Debug|x64
		Debug|x86 = Debug|x86
		Release|x64 = Release|x64
		Release|x86 = Release|x86
	EndGlobalSection
	GlobalSection(ProjectConfigurationPlatforms) = postSolution
		{355778F2-2B6A-4CD7-B1EC-70D35E4BB738}.Debug|x64.ActiveCfg = Debug|x64
		{355778F2-2B6A-4CD7-B1EC-70D35E4BB738}.Debug|x64.Build.0 = Debug|x64
		{355778F2-2B6A-4CD7-B1EC-70D35E4BB738}.Debug|x86.ActiveCfg = Debug|Win32
		{355778F2-2B6A-4CD7-B1EC-70D35E4BB738}.Debug|x86.Build.0 = Debug|Win32
		{355778F2-2B6A-4CD7-B1EC-70D35E4BB738}.Release|x64.ActiveCfg = Release|x64
		{355778F2-2B6A-4CD7-B1EC-70D35E4BB738}.Release|x64.Build.0 = Release|x64
		{355778F2-2B6A-4CD7-B1EC-70D35E4BB738}.Release|x86.ActiveCfg = Release|Win32
		{355778F2-2B6A-4CD7-B1EC-70D35E4BB738}.Release|x86.Build.0 = Release|Win32
	EndGlobalSection
	GlobalSection(SolutionProperties) = preSolution
		HideSolutionNode = FALSE
	EndGlobalSection
	GlobalSection(ExtensibilityGlobals) = postSolution
		SolutionGuid = {86ECB979-CD7A-4743-B8AB-6E1FFB09E6B0}
	EndGlobalSection
EndGlobal
